
Microsoft Visual Studio Solution File, Format Version 12.00
# Visual Studio 15
VisualStudioVersion = 15.0.26730.16
MinimumVisualStudioVersion = 10.0.40219.1
Project("{FAE04EC0-301F-11D3-BF4B-00C04F79EFBC}") = "ServeurSocket", "ServeurSocket\ServeurSocket.csproj", "{2F85317C-2E4A-4470-9958-4F18B085A655}"
EndProject
Project("{FAE04EC0-301F-11D3-BF4B-00C04F79EFBC}") = "ClientSocket", "ClientSocket\ClientSocket.csproj", "{731EFAC7-3EC1-4B50-92C2-05C790D12EFE}"
EndProject
Global
	GlobalSection(SolutionConfigurationPlatforms) = preSolution
		Debug|Any CPU = Debug|Any CPU
		Release|Any CPU = Release|Any CPU
	EndGlobalSection
	GlobalSection(ProjectConfigurationPlatforms) = postSolution
		{2F85317C-2E4A-4470-9958-4F18B085A655}.Debug|Any CPU.ActiveCfg = Debug|Any CPU
		{2F85317C-2E4A-4470-9958-4F18B085A655}.Debug|Any CPU.Build.0 = Debug|Any CPU
		{2F85317C-2E4A-4470-9958-4F18B085A655}.Release|Any CPU.ActiveCfg = Release|Any CPU
		{2F85317C-2E4A-4470-9958-4F18B085A655}.Release|Any CPU.Build.0 = Release|Any CPU
		{731EFAC7-3EC1-4B50-92C2-05C790D12EFE}.Debug|Any CPU.ActiveCfg = Debug|Any CPU
		{731EFAC7-3EC1-4B50-92C2-05C790D12EFE}.Debug|Any CPU.Build.0 = Debug|Any CPU
		{731EFAC7-3EC1-4B50-92C2-05C790D12EFE}.Release|Any CPU.ActiveCfg = Release|Any CPU
		{731EFAC7-3EC1-4B50-92C2-05C790D12EFE}.Release|Any CPU.Build.0 = Release|Any CPU
	EndGlobalSection
	GlobalSection(SolutionProperties) = preSolution
		HideSolutionNode = FALSE
	EndGlobalSection
	GlobalSection(ExtensibilityGlobals) = postSolution
		SolutionGuid = {A3B9E3B2-BAF6-4291-83A4-0764135B3365}
	EndGlobalSection
EndGlobal
